
Microsoft Visual Studio Solution File, Format Version 12.00
# Visual Studio 15
VisualStudioVersion = 15.0.28010.2003
MinimumVisualStudioVersion = 10.0.40219.1
Project("{FAE04EC0-301F-11D3-BF4B-00C04F79EFBC}") = "TheaterSeating", "TheaterSeating\TheaterSeating.csproj", "{DFF89761-E932-4C6A-B2D6-24F1CD4CFCAA}"
EndProject
Project("{FAE04EC0-301F-11D3-BF4B-00C04F79EFBC}") = "TheaterSeatingTests", "TheaterSeatingTests\TheaterSeatingTests.csproj", "{36B8A592-D441-4037-AA4D-16FE62971832}"
EndProject
Global
	GlobalSection(SolutionConfigurationPlatforms) = preSolution
		Debug|Any CPU = Debug|Any CPU
		Release|Any CPU = Release|Any CPU
	EndGlobalSection
	GlobalSection(ProjectConfigurationPlatforms) = postSolution
		{DFF89761-E932-4C6A-B2D6-24F1CD4CFCAA}.Debug|Any CPU.ActiveCfg = Debug|Any CPU
		{DFF89761-E932-4C6A-B2D6-24F1CD4CFCAA}.Debug|Any CPU.Build.0 = Debug|Any CPU
		{DFF89761-E932-4C6A-B2D6-24F1CD4CFCAA}.Release|Any CPU.ActiveCfg = Release|Any CPU
		{DFF89761-E932-4C6A-B2D6-24F1CD4CFCAA}.Release|Any CPU.Build.0 = Release|Any CPU
		{36B8A592-D441-4037-AA4D-16FE62971832}.Debug|Any CPU.ActiveCfg = Debug|Any CPU
		{36B8A592-D441-4037-AA4D-16FE62971832}.Debug|Any CPU.Build.0 = Debug|Any CPU
		{36B8A592-D441-4037-AA4D-16FE62971832}.Release|Any CPU.ActiveCfg = Release|Any CPU
		{36B8A592-D441-4037-AA4D-16FE62971832}.Release|Any CPU.Build.0 = Release|Any CPU
	EndGlobalSection
	GlobalSection(SolutionProperties) = preSolution
		HideSolutionNode = FALSE
	EndGlobalSection
	GlobalSection(ExtensibilityGlobals) = postSolution
		SolutionGuid = {6AC2196F-F3F7-4BB1-A930-6D7FD2A28FCB}
	EndGlobalSection
EndGlobal
